
Microsoft Visual Studio Solution File, Format Version 12.00
# Visual Studio 14
VisualStudioVersion = 14.0.25420.1
MinimumVisualStudioVersion = 10.0.40219.1
Project("{2150E333-8FDC-42A3-9474-1A3956D46DE8}") = "src", "src", "{89031800-C001-447A-A3D7-8EDE594C2A9E}"
EndProject
Project("{2150E333-8FDC-42A3-9474-1A3956D46DE8}") = "Solution Items", "Solution Items", "{271BE108-8ED4-49E6-9511-7FF6078A06BA}"
	ProjectSection(SolutionItems) = preProject
		global.json = global.json
	EndProjectSection
EndProject
Project("{8BB2217D-0F2D-49D1-97BC-3654ED321F3B}") = "SharpBatch", "src\SharpBatch\SharpBatch.xproj", "{A30DFAC9-154B-4DE9-843B-9AFB10C7F25C}"
EndProject
Project("{8BB2217D-0F2D-49D1-97BC-3654ED321F3B}") = "SharpBatch.Abstraction", "src\SharpBatch.Abstraction\SharpBatch.Abstraction.xproj", "{EBE62AF7-DC10-4D8A-B6A0-7EA0D4161FEE}"
EndProject
Project("{2150E333-8FDC-42A3-9474-1A3956D46DE8}") = "test", "test", "{25B6986D-1D73-4DF9-8721-A8DCE888D69E}"
EndProject
Project("{8BB2217D-0F2D-49D1-97BC-3654ED321F3B}") = "TestWebApplication", "test\TestWebApplication\TestWebApplication.xproj", "{662D37A8-20CA-4D93-B389-80F4B023935B}"
EndProject
Project("{8BB2217D-0F2D-49D1-97BC-3654ED321F3B}") = "LinkedAssemblyTest", "test\LinkedAssemblyTest\LinkedAssemblyTest.xproj", "{2CF06099-8A7E-481C-B6E1-B54615F4223E}"
EndProject
Project("{8BB2217D-0F2D-49D1-97BC-3654ED321F3B}") = "SharpBatch.JSonSerializer", "src\SharpBatch.JSonSerializer\SharpBatch.JSonSerializer.xproj", "{17A0E7D9-160B-4188-8AE8-16C69441FE7F}"
EndProject
Project("{8BB2217D-0F2D-49D1-97BC-3654ED321F3B}") = "SharpBatch.Traking.Abstraction", "src\SharpBatch.Traking.Abstraction\SharpBatch.Traking.Abstraction.xproj", "{1796DD84-4460-4429-A7A3-23EF40FF2313}"
EndProject
Project("{8BB2217D-0F2D-49D1-97BC-3654ED321F3B}") = "SharpBatch.Traking.Memory", "src\SharpBatch.Traking.Memory\SharpBatch.Traking.Memory.xproj", "{ED0BCD8E-D563-4266-BE26-BDEE24FBB597}"
EndProject
Global
	GlobalSection(SolutionConfigurationPlatforms) = preSolution
		Debug|Any CPU = Debug|Any CPU
		Release|Any CPU = Release|Any CPU
	EndGlobalSection
	GlobalSection(ProjectConfigurationPlatforms) = postSolution
		{A30DFAC9-154B-4DE9-843B-9AFB10C7F25C}.Debug|Any CPU.ActiveCfg = Debug|Any CPU
		{A30DFAC9-154B-4DE9-843B-9AFB10C7F25C}.Debug|Any CPU.Build.0 = Debug|Any CPU
		{A30DFAC9-154B-4DE9-843B-9AFB10C7F25C}.Release|Any CPU.ActiveCfg = Release|Any CPU
		{A30DFAC9-154B-4DE9-843B-9AFB10C7F25C}.Release|Any CPU.Build.0 = Release|Any CPU
		{EBE62AF7-DC10-4D8A-B6A0-7EA0D4161FEE}.Debug|Any CPU.ActiveCfg = Debug|Any CPU
		{EBE62AF7-DC10-4D8A-B6A0-7EA0D4161FEE}.Debug|Any CPU.Build.0 = Debug|Any CPU
		{EBE62AF7-DC10-4D8A-B6A0-7EA0D4161FEE}.Release|Any CPU.ActiveCfg = Release|Any CPU
		{EBE62AF7-DC10-4D8A-B6A0-7EA0D4161FEE}.Release|Any CPU.Build.0 = Release|Any CPU
		{662D37A8-20CA-4D93-B389-80F4B023935B}.Debug|Any CPU.ActiveCfg = Debug|Any CPU
		{662D37A8-20CA-4D93-B389-80F4B023935B}.Debug|Any CPU.Build.0 = Debug|Any CPU
		{662D37A8-20CA-4D93-B389-80F4B023935B}.Release|Any CPU.ActiveCfg = Release|Any CPU
		{662D37A8-20CA-4D93-B389-80F4B023935B}.Release|Any CPU.Build.0 = Release|Any CPU
		{2CF06099-8A7E-481C-B6E1-B54615F4223E}.Debug|Any CPU.ActiveCfg = Debug|Any CPU
		{2CF06099-8A7E-481C-B6E1-B54615F4223E}.Debug|Any CPU.Build.0 = Debug|Any CPU
		{2CF06099-8A7E-481C-B6E1-B54615F4223E}.Release|Any CPU.ActiveCfg = Release|Any CPU
		{2CF06099-8A7E-481C-B6E1-B54615F4223E}.Release|Any CPU.Build.0 = Release|Any CPU
		{17A0E7D9-160B-4188-8AE8-16C69441FE7F}.Debug|Any CPU.ActiveCfg = Debug|Any CPU
		{17A0E7D9-160B-4188-8AE8-16C69441FE7F}.Debug|Any CPU.Build.0 = Debug|Any CPU
		{17A0E7D9-160B-4188-8AE8-16C69441FE7F}.Release|Any CPU.ActiveCfg = Release|Any CPU
		{17A0E7D9-160B-4188-8AE8-16C69441FE7F}.Release|Any CPU.Build.0 = Release|Any CPU
		{1796DD84-4460-4429-A7A3-23EF40FF2313}.Debug|Any CPU.ActiveCfg = Debug|Any CPU
		{1796DD84-4460-4429-A7A3-23EF40FF2313}.Debug|Any CPU.Build.0 = Debug|Any CPU
		{1796DD84-4460-4429-A7A3-23EF40FF2313}.Release|Any CPU.ActiveCfg = Release|Any CPU
		{1796DD84-4460-4429-A7A3-23EF40FF2313}.Release|Any CPU.Build.0 = Release|Any CPU
		{ED0BCD8E-D563-4266-BE26-BDEE24FBB597}.Debug|Any CPU.ActiveCfg = Debug|Any CPU
		{ED0BCD8E-D563-4266-BE26-BDEE24FBB597}.Debug|Any CPU.Build.0 = Debug|Any CPU
		{ED0BCD8E-D563-4266-BE26-BDEE24FBB597}.Release|Any CPU.ActiveCfg = Release|Any CPU
		{ED0BCD8E-D563-4266-BE26-BDEE24FBB597}.Release|Any CPU.Build.0 = Release|Any CPU
	EndGlobalSection
	GlobalSection(SolutionProperties) = preSolution
		HideSolutionNode = FALSE
	EndGlobalSection
	GlobalSection(NestedProjects) = preSolution
		{A30DFAC9-154B-4DE9-843B-9AFB10C7F25C} = {89031800-C001-447A-A3D7-8EDE594C2A9E}
		{EBE62AF7-DC10-4D8A-B6A0-7EA0D4161FEE} = {89031800-C001-447A-A3D7-8EDE594C2A9E}
		{662D37A8-20CA-4D93-B389-80F4B023935B} = {25B6986D-1D73-4DF9-8721-A8DCE888D69E}
		{2CF06099-8A7E-481C-B6E1-B54615F4223E} = {25B6986D-1D73-4DF9-8721-A8DCE888D69E}
		{17A0E7D9-160B-4188-8AE8-16C69441FE7F} = {89031800-C001-447A-A3D7-8EDE594C2A9E}
		{1796DD84-4460-4429-A7A3-23EF40FF2313} = {89031800-C001-447A-A3D7-8EDE594C2A9E}
		{ED0BCD8E-D563-4266-BE26-BDEE24FBB597} = {89031800-C001-447A-A3D7-8EDE594C2A9E}
	EndGlobalSection
EndGlobal
