Microsoft Visual Studio Solution File, Format Version 12.00
# Visual Studio 15
VisualStudioVersion = 15.0.26730.12
MinimumVisualStudioVersion = 10.0.40219.1
Project("{2150E333-8FDC-42A3-9474-1A3956D46DE8}") = "src", "src", "{89031800-C001-447A-A3D7-8EDE594C2A9E}"
EndProject
Project("{2150E333-8FDC-42A3-9474-1A3956D46DE8}") = "test", "test", "{25B6986D-1D73-4DF9-8721-A8DCE888D69E}"
EndProject
Project("{9A19103F-16F7-4668-BE54-9A1E7A4F7556}") = "SharpBatch", "src\SharpBatch\SharpBatch.csproj", "{48AC4CD2-6467-4CD1-8989-3A296DC89868}"
EndProject
Project("{9A19103F-16F7-4668-BE54-9A1E7A4F7556}") = "SharpBatch.Abstraction", "src\SharpBatch.Abstraction\SharpBatch.Abstraction.csproj", "{7A811BC4-1F1B-4E78-BBCF-FF50D1638969}"
EndProject
Project("{9A19103F-16F7-4668-BE54-9A1E7A4F7556}") = "SharpBatch.Tracking.Abstraction", "src\SharpBatch.Traking.Abstraction\SharpBatch.Tracking.Abstraction.csproj", "{CBD7AB80-0D38-42FD-949F-B3C959C710F1}"
EndProject
Project("{9A19103F-16F7-4668-BE54-9A1E7A4F7556}") = "SharpBatch.Tracking.Memory", "src\SharpBatch.Traking.Memory\SharpBatch.Tracking.Memory.csproj", "{B42D6FC1-A683-40D0-BEC2-D60ACEC50CAA}"
EndProject
Project("{9A19103F-16F7-4668-BE54-9A1E7A4F7556}") = "SharpBatch.Web", "src\SharpBatch.Web\SharpBatch.Web.csproj", "{980BFBF2-CD2D-47FF-9AE7-070BDA6E5FAC}"
EndProject
Project("{9A19103F-16F7-4668-BE54-9A1E7A4F7556}") = "LinkedAssembly", "test\LinkedAssembly\LinkedAssembly.csproj", "{7CF71A56-227C-4B5F-91ED-E25D54D7BAF1}"
EndProject
Project("{9A19103F-16F7-4668-BE54-9A1E7A4F7556}") = "SharpBatchTest", "test\SharpBatchTest\SharpBatchTest.csproj", "{B6C3FFB4-5AAC-4D47-8848-CCA0091E074D}"
EndProject
Project("{9A19103F-16F7-4668-BE54-9A1E7A4F7556}") = "WebApplication", "test\WebApplication\WebApplication.csproj", "{11950C6D-8275-4ADC-BB34-51D204B01CD5}"
EndProject
Project("{2150E333-8FDC-42A3-9474-1A3956D46DE8}") = "build", "build", "{81D53723-22BF-4C05-A828-A61A959185FD}"
	ProjectSection(SolutionItems) = preProject
		build\common.props = build\common.props
		build\dependencies.props = build\dependencies.props
		build\version.props = build\version.props
	EndProjectSection
EndProject
Project("{9A19103F-16F7-4668-BE54-9A1E7A4F7556}") = "SharpBatch.Tracking.DB", "src\SharpBatch.Tracking.DB\SharpBatch.Tracking.DB.csproj", "{6F5278F7-0063-45AC-92AE-CAC1BC8D0EA9}"
EndProject
Project("{9A19103F-16F7-4668-BE54-9A1E7A4F7556}") = "SharpBatch.Serialization.Abstract", "src\SharpBatch.Serialization.Abstract\SharpBatch.Serialization.Abstract.csproj", "{1ECB54DD-02FF-4D7E-9579-88AC21A24FC9}"
EndProject
Project("{9A19103F-16F7-4668-BE54-9A1E7A4F7556}") = "SharpBatch.Serialization.Json", "src\SharpBatch.Serialization.Json\SharpBatch.Serialization.Json.csproj", "{2FD29EE7-D7CA-4882-BEA1-E301F74EAB88}"
EndProject
Project("{9A19103F-16F7-4668-BE54-9A1E7A4F7556}") = "SharpBatch.Serialization.Xml", "src\SharpBatch.Serialization.Xml\SharpBatch.Serialization.Xml.csproj", "{86D0A5ED-B800-4244-8CB5-2A23CC4C29E3}"
EndProject
Project("{9A19103F-16F7-4668-BE54-9A1E7A4F7556}") = "SharpBatch.Serialization.XmlTest", "test\SharpBatch.Serialization.XmlTest\SharpBatch.Serialization.XmlTest.csproj", "{B7F73C86-9EA3-4274-BD26-E71682B323B8}"
EndProject
Project("{9A19103F-16F7-4668-BE54-9A1E7A4F7556}") = "SharpBatch.Serialization.DataContract", "src\SharpBatch.Serialization.DataContract\SharpBatch.Serialization.DataContract.csproj", "{C6DC88A8-3906-4E50-85D0-67FA0952F13A}"
EndProject
Project("{9A19103F-16F7-4668-BE54-9A1E7A4F7556}") = "SharpBatch.Crontab", "src\SharpBatch.Crontab\SharpBatch.Crontab.csproj", "{55754733-3BBC-4E2C-BC7C-748AC981CC9B}"
EndProject
Project("{9A19103F-16F7-4668-BE54-9A1E7A4F7556}") = "SharpBatch.CronTest", "test\SharpBatch.CronTest\SharpBatch.CronTest.csproj", "{18DECE6F-9E39-44E0-9BD7-584331CF1849}"
EndProject
Project("{9A19103F-16F7-4668-BE54-9A1E7A4F7556}") = "SharpBatch.Skeduler", "src\SharpBatch.Skeduler\SharpBatch.Skeduler.csproj", "{CC814BF4-4CC5-4DDA-A090-B26F9324225D}"
EndProject
Global
	GlobalSection(SolutionConfigurationPlatforms) = preSolution
		Debug|Any CPU = Debug|Any CPU
		Debug|x64 = Debug|x64
		Debug|x86 = Debug|x86
		Release|Any CPU = Release|Any CPU
		Release|x64 = Release|x64
		Release|x86 = Release|x86
	EndGlobalSection
	GlobalSection(ProjectConfigurationPlatforms) = postSolution
		{48AC4CD2-6467-4CD1-8989-3A296DC89868}.Debug|Any CPU.ActiveCfg = Debug|Any CPU
		{48AC4CD2-6467-4CD1-8989-3A296DC89868}.Debug|Any CPU.Build.0 = Debug|Any CPU
		{48AC4CD2-6467-4CD1-8989-3A296DC89868}.Debug|x64.ActiveCfg = Debug|Any CPU
		{48AC4CD2-6467-4CD1-8989-3A296DC89868}.Debug|x64.Build.0 = Debug|Any CPU
		{48AC4CD2-6467-4CD1-8989-3A296DC89868}.Debug|x86.ActiveCfg = Debug|Any CPU
		{48AC4CD2-6467-4CD1-8989-3A296DC89868}.Debug|x86.Build.0 = Debug|Any CPU
		{48AC4CD2-6467-4CD1-8989-3A296DC89868}.Release|Any CPU.ActiveCfg = Release|Any CPU
		{48AC4CD2-6467-4CD1-8989-3A296DC89868}.Release|Any CPU.Build.0 = Release|Any CPU
		{48AC4CD2-6467-4CD1-8989-3A296DC89868}.Release|x64.ActiveCfg = Release|Any CPU
		{48AC4CD2-6467-4CD1-8989-3A296DC89868}.Release|x64.Build.0 = Release|Any CPU
		{48AC4CD2-6467-4CD1-8989-3A296DC89868}.Release|x86.ActiveCfg = Release|Any CPU
		{48AC4CD2-6467-4CD1-8989-3A296DC89868}.Release|x86.Build.0 = Release|Any CPU
		{7A811BC4-1F1B-4E78-BBCF-FF50D1638969}.Debug|Any CPU.ActiveCfg = Debug|Any CPU
		{7A811BC4-1F1B-4E78-BBCF-FF50D1638969}.Debug|Any CPU.Build.0 = Debug|Any CPU
		{7A811BC4-1F1B-4E78-BBCF-FF50D1638969}.Debug|x64.ActiveCfg = Debug|Any CPU
		{7A811BC4-1F1B-4E78-BBCF-FF50D1638969}.Debug|x64.Build.0 = Debug|Any CPU
		{7A811BC4-1F1B-4E78-BBCF-FF50D1638969}.Debug|x86.ActiveCfg = Debug|Any CPU
		{7A811BC4-1F1B-4E78-BBCF-FF50D1638969}.Debug|x86.Build.0 = Debug|Any CPU
		{7A811BC4-1F1B-4E78-BBCF-FF50D1638969}.Release|Any CPU.ActiveCfg = Release|Any CPU
		{7A811BC4-1F1B-4E78-BBCF-FF50D1638969}.Release|Any CPU.Build.0 = Release|Any CPU
		{7A811BC4-1F1B-4E78-BBCF-FF50D1638969}.Release|x64.ActiveCfg = Release|Any CPU
		{7A811BC4-1F1B-4E78-BBCF-FF50D1638969}.Release|x64.Build.0 = Release|Any CPU
		{7A811BC4-1F1B-4E78-BBCF-FF50D1638969}.Release|x86.ActiveCfg = Release|Any CPU
		{7A811BC4-1F1B-4E78-BBCF-FF50D1638969}.Release|x86.Build.0 = Release|Any CPU
		{CBD7AB80-0D38-42FD-949F-B3C959C710F1}.Debug|Any CPU.ActiveCfg = Debug|Any CPU
		{CBD7AB80-0D38-42FD-949F-B3C959C710F1}.Debug|Any CPU.Build.0 = Debug|Any CPU
		{CBD7AB80-0D38-42FD-949F-B3C959C710F1}.Debug|x64.ActiveCfg = Debug|Any CPU
		{CBD7AB80-0D38-42FD-949F-B3C959C710F1}.Debug|x64.Build.0 = Debug|Any CPU
		{CBD7AB80-0D38-42FD-949F-B3C959C710F1}.Debug|x86.ActiveCfg = Debug|Any CPU
		{CBD7AB80-0D38-42FD-949F-B3C959C710F1}.Debug|x86.Build.0 = Debug|Any CPU
		{CBD7AB80-0D38-42FD-949F-B3C959C710F1}.Release|Any CPU.ActiveCfg = Release|Any CPU
		{CBD7AB80-0D38-42FD-949F-B3C959C710F1}.Release|Any CPU.Build.0 = Release|Any CPU
		{CBD7AB80-0D38-42FD-949F-B3C959C710F1}.Release|x64.ActiveCfg = Release|Any CPU
		{CBD7AB80-0D38-42FD-949F-B3C959C710F1}.Release|x64.Build.0 = Release|Any CPU
		{CBD7AB80-0D38-42FD-949F-B3C959C710F1}.Release|x86.ActiveCfg = Release|Any CPU
		{CBD7AB80-0D38-42FD-949F-B3C959C710F1}.Release|x86.Build.0 = Release|Any CPU
		{B42D6FC1-A683-40D0-BEC2-D60ACEC50CAA}.Debug|Any CPU.ActiveCfg = Debug|Any CPU
		{B42D6FC1-A683-40D0-BEC2-D60ACEC50CAA}.Debug|Any CPU.Build.0 = Debug|Any CPU
		{B42D6FC1-A683-40D0-BEC2-D60ACEC50CAA}.Debug|x64.ActiveCfg = Debug|Any CPU
		{B42D6FC1-A683-40D0-BEC2-D60ACEC50CAA}.Debug|x64.Build.0 = Debug|Any CPU
		{B42D6FC1-A683-40D0-BEC2-D60ACEC50CAA}.Debug|x86.ActiveCfg = Debug|Any CPU
		{B42D6FC1-A683-40D0-BEC2-D60ACEC50CAA}.Debug|x86.Build.0 = Debug|Any CPU
		{B42D6FC1-A683-40D0-BEC2-D60ACEC50CAA}.Release|Any CPU.ActiveCfg = Release|Any CPU
		{B42D6FC1-A683-40D0-BEC2-D60ACEC50CAA}.Release|Any CPU.Build.0 = Release|Any CPU
		{B42D6FC1-A683-40D0-BEC2-D60ACEC50CAA}.Release|x64.ActiveCfg = Release|Any CPU
		{B42D6FC1-A683-40D0-BEC2-D60ACEC50CAA}.Release|x64.Build.0 = Release|Any CPU
		{B42D6FC1-A683-40D0-BEC2-D60ACEC50CAA}.Release|x86.ActiveCfg = Release|Any CPU
		{B42D6FC1-A683-40D0-BEC2-D60ACEC50CAA}.Release|x86.Build.0 = Release|Any CPU
		{980BFBF2-CD2D-47FF-9AE7-070BDA6E5FAC}.Debug|Any CPU.ActiveCfg = Debug|Any CPU
		{980BFBF2-CD2D-47FF-9AE7-070BDA6E5FAC}.Debug|Any CPU.Build.0 = Debug|Any CPU
		{980BFBF2-CD2D-47FF-9AE7-070BDA6E5FAC}.Debug|x64.ActiveCfg = Debug|Any CPU
		{980BFBF2-CD2D-47FF-9AE7-070BDA6E5FAC}.Debug|x64.Build.0 = Debug|Any CPU
		{980BFBF2-CD2D-47FF-9AE7-070BDA6E5FAC}.Debug|x86.ActiveCfg = Debug|Any CPU
		{980BFBF2-CD2D-47FF-9AE7-070BDA6E5FAC}.Debug|x86.Build.0 = Debug|Any CPU
		{980BFBF2-CD2D-47FF-9AE7-070BDA6E5FAC}.Release|Any CPU.ActiveCfg = Release|Any CPU
		{980BFBF2-CD2D-47FF-9AE7-070BDA6E5FAC}.Release|Any CPU.Build.0 = Release|Any CPU
		{980BFBF2-CD2D-47FF-9AE7-070BDA6E5FAC}.Release|x64.ActiveCfg = Release|Any CPU
		{980BFBF2-CD2D-47FF-9AE7-070BDA6E5FAC}.Release|x64.Build.0 = Release|Any CPU
		{980BFBF2-CD2D-47FF-9AE7-070BDA6E5FAC}.Release|x86.ActiveCfg = Release|Any CPU
		{980BFBF2-CD2D-47FF-9AE7-070BDA6E5FAC}.Release|x86.Build.0 = Release|Any CPU
		{7CF71A56-227C-4B5F-91ED-E25D54D7BAF1}.Debug|Any CPU.ActiveCfg = Debug|Any CPU
		{7CF71A56-227C-4B5F-91ED-E25D54D7BAF1}.Debug|Any CPU.Build.0 = Debug|Any CPU
		{7CF71A56-227C-4B5F-91ED-E25D54D7BAF1}.Debug|x64.ActiveCfg = Debug|Any CPU
		{7CF71A56-227C-4B5F-91ED-E25D54D7BAF1}.Debug|x64.Build.0 = Debug|Any CPU
		{7CF71A56-227C-4B5F-91ED-E25D54D7BAF1}.Debug|x86.ActiveCfg = Debug|Any CPU
		{7CF71A56-227C-4B5F-91ED-E25D54D7BAF1}.Debug|x86.Build.0 = Debug|Any CPU
		{7CF71A56-227C-4B5F-91ED-E25D54D7BAF1}.Release|Any CPU.ActiveCfg = Release|Any CPU
		{7CF71A56-227C-4B5F-91ED-E25D54D7BAF1}.Release|Any CPU.Build.0 = Release|Any CPU
		{7CF71A56-227C-4B5F-91ED-E25D54D7BAF1}.Release|x64.ActiveCfg = Release|Any CPU
		{7CF71A56-227C-4B5F-91ED-E25D54D7BAF1}.Release|x64.Build.0 = Release|Any CPU
		{7CF71A56-227C-4B5F-91ED-E25D54D7BAF1}.Release|x86.ActiveCfg = Release|Any CPU
		{7CF71A56-227C-4B5F-91ED-E25D54D7BAF1}.Release|x86.Build.0 = Release|Any CPU
		{B6C3FFB4-5AAC-4D47-8848-CCA0091E074D}.Debug|Any CPU.ActiveCfg = Debug|Any CPU
		{B6C3FFB4-5AAC-4D47-8848-CCA0091E074D}.Debug|Any CPU.Build.0 = Debug|Any CPU
		{B6C3FFB4-5AAC-4D47-8848-CCA0091E074D}.Debug|x64.ActiveCfg = Debug|Any CPU
		{B6C3FFB4-5AAC-4D47-8848-CCA0091E074D}.Debug|x64.Build.0 = Debug|Any CPU
		{B6C3FFB4-5AAC-4D47-8848-CCA0091E074D}.Debug|x86.ActiveCfg = Debug|Any CPU
		{B6C3FFB4-5AAC-4D47-8848-CCA0091E074D}.Debug|x86.Build.0 = Debug|Any CPU
		{B6C3FFB4-5AAC-4D47-8848-CCA0091E074D}.Release|Any CPU.ActiveCfg = Release|Any CPU
		{B6C3FFB4-5AAC-4D47-8848-CCA0091E074D}.Release|Any CPU.Build.0 = Release|Any CPU
		{B6C3FFB4-5AAC-4D47-8848-CCA0091E074D}.Release|x64.ActiveCfg = Release|Any CPU
		{B6C3FFB4-5AAC-4D47-8848-CCA0091E074D}.Release|x64.Build.0 = Release|Any CPU
		{B6C3FFB4-5AAC-4D47-8848-CCA0091E074D}.Release|x86.ActiveCfg = Release|Any CPU
		{B6C3FFB4-5AAC-4D47-8848-CCA0091E074D}.Release|x86.Build.0 = Release|Any CPU
		{11950C6D-8275-4ADC-BB34-51D204B01CD5}.Debug|Any CPU.ActiveCfg = Debug|Any CPU
		{11950C6D-8275-4ADC-BB34-51D204B01CD5}.Debug|Any CPU.Build.0 = Debug|Any CPU
		{11950C6D-8275-4ADC-BB34-51D204B01CD5}.Debug|x64.ActiveCfg = Debug|Any CPU
		{11950C6D-8275-4ADC-BB34-51D204B01CD5}.Debug|x64.Build.0 = Debug|Any CPU
		{11950C6D-8275-4ADC-BB34-51D204B01CD5}.Debug|x86.ActiveCfg = Debug|Any CPU
		{11950C6D-8275-4ADC-BB34-51D204B01CD5}.Debug|x86.Build.0 = Debug|Any CPU
		{11950C6D-8275-4ADC-BB34-51D204B01CD5}.Release|Any CPU.ActiveCfg = Release|Any CPU
		{11950C6D-8275-4ADC-BB34-51D204B01CD5}.Release|Any CPU.Build.0 = Release|Any CPU
		{11950C6D-8275-4ADC-BB34-51D204B01CD5}.Release|x64.ActiveCfg = Release|Any CPU
		{11950C6D-8275-4ADC-BB34-51D204B01CD5}.Release|x64.Build.0 = Release|Any CPU
		{11950C6D-8275-4ADC-BB34-51D204B01CD5}.Release|x86.ActiveCfg = Release|Any CPU
		{11950C6D-8275-4ADC-BB34-51D204B01CD5}.Release|x86.Build.0 = Release|Any CPU
		{6F5278F7-0063-45AC-92AE-CAC1BC8D0EA9}.Debug|Any CPU.ActiveCfg = Debug|Any CPU
		{6F5278F7-0063-45AC-92AE-CAC1BC8D0EA9}.Debug|Any CPU.Build.0 = Debug|Any CPU
		{6F5278F7-0063-45AC-92AE-CAC1BC8D0EA9}.Debug|x64.ActiveCfg = Debug|Any CPU
		{6F5278F7-0063-45AC-92AE-CAC1BC8D0EA9}.Debug|x64.Build.0 = Debug|Any CPU
		{6F5278F7-0063-45AC-92AE-CAC1BC8D0EA9}.Debug|x86.ActiveCfg = Debug|Any CPU
		{6F5278F7-0063-45AC-92AE-CAC1BC8D0EA9}.Debug|x86.Build.0 = Debug|Any CPU
		{6F5278F7-0063-45AC-92AE-CAC1BC8D0EA9}.Release|Any CPU.ActiveCfg = Release|Any CPU
		{6F5278F7-0063-45AC-92AE-CAC1BC8D0EA9}.Release|Any CPU.Build.0 = Release|Any CPU
		{6F5278F7-0063-45AC-92AE-CAC1BC8D0EA9}.Release|x64.ActiveCfg = Release|Any CPU
		{6F5278F7-0063-45AC-92AE-CAC1BC8D0EA9}.Release|x64.Build.0 = Release|Any CPU
		{6F5278F7-0063-45AC-92AE-CAC1BC8D0EA9}.Release|x86.ActiveCfg = Release|Any CPU
		{6F5278F7-0063-45AC-92AE-CAC1BC8D0EA9}.Release|x86.Build.0 = Release|Any CPU
		{1ECB54DD-02FF-4D7E-9579-88AC21A24FC9}.Debug|Any CPU.ActiveCfg = Debug|Any CPU
		{1ECB54DD-02FF-4D7E-9579-88AC21A24FC9}.Debug|Any CPU.Build.0 = Debug|Any CPU
		{1ECB54DD-02FF-4D7E-9579-88AC21A24FC9}.Debug|x64.ActiveCfg = Debug|Any CPU
		{1ECB54DD-02FF-4D7E-9579-88AC21A24FC9}.Debug|x64.Build.0 = Debug|Any CPU
		{1ECB54DD-02FF-4D7E-9579-88AC21A24FC9}.Debug|x86.ActiveCfg = Debug|Any CPU
		{1ECB54DD-02FF-4D7E-9579-88AC21A24FC9}.Debug|x86.Build.0 = Debug|Any CPU
		{1ECB54DD-02FF-4D7E-9579-88AC21A24FC9}.Release|Any CPU.ActiveCfg = Release|Any CPU
		{1ECB54DD-02FF-4D7E-9579-88AC21A24FC9}.Release|Any CPU.Build.0 = Release|Any CPU
		{1ECB54DD-02FF-4D7E-9579-88AC21A24FC9}.Release|x64.ActiveCfg = Release|Any CPU
		{1ECB54DD-02FF-4D7E-9579-88AC21A24FC9}.Release|x64.Build.0 = Release|Any CPU
		{1ECB54DD-02FF-4D7E-9579-88AC21A24FC9}.Release|x86.ActiveCfg = Release|Any CPU
		{1ECB54DD-02FF-4D7E-9579-88AC21A24FC9}.Release|x86.Build.0 = Release|Any CPU
		{2FD29EE7-D7CA-4882-BEA1-E301F74EAB88}.Debug|Any CPU.ActiveCfg = Debug|Any CPU
		{2FD29EE7-D7CA-4882-BEA1-E301F74EAB88}.Debug|Any CPU.Build.0 = Debug|Any CPU
		{2FD29EE7-D7CA-4882-BEA1-E301F74EAB88}.Debug|x64.ActiveCfg = Debug|Any CPU
		{2FD29EE7-D7CA-4882-BEA1-E301F74EAB88}.Debug|x64.Build.0 = Debug|Any CPU
		{2FD29EE7-D7CA-4882-BEA1-E301F74EAB88}.Debug|x86.ActiveCfg = Debug|Any CPU
		{2FD29EE7-D7CA-4882-BEA1-E301F74EAB88}.Debug|x86.Build.0 = Debug|Any CPU
		{2FD29EE7-D7CA-4882-BEA1-E301F74EAB88}.Release|Any CPU.ActiveCfg = Release|Any CPU
		{2FD29EE7-D7CA-4882-BEA1-E301F74EAB88}.Release|Any CPU.Build.0 = Release|Any CPU
		{2FD29EE7-D7CA-4882-BEA1-E301F74EAB88}.Release|x64.ActiveCfg = Release|Any CPU
		{2FD29EE7-D7CA-4882-BEA1-E301F74EAB88}.Release|x64.Build.0 = Release|Any CPU
		{2FD29EE7-D7CA-4882-BEA1-E301F74EAB88}.Release|x86.ActiveCfg = Release|Any CPU
		{2FD29EE7-D7CA-4882-BEA1-E301F74EAB88}.Release|x86.Build.0 = Release|Any CPU
		{86D0A5ED-B800-4244-8CB5-2A23CC4C29E3}.Debug|Any CPU.ActiveCfg = Debug|Any CPU
		{86D0A5ED-B800-4244-8CB5-2A23CC4C29E3}.Debug|Any CPU.Build.0 = Debug|Any CPU
		{86D0A5ED-B800-4244-8CB5-2A23CC4C29E3}.Debug|x64.ActiveCfg = Debug|Any CPU
		{86D0A5ED-B800-4244-8CB5-2A23CC4C29E3}.Debug|x64.Build.0 = Debug|Any CPU
		{86D0A5ED-B800-4244-8CB5-2A23CC4C29E3}.Debug|x86.ActiveCfg = Debug|Any CPU
		{86D0A5ED-B800-4244-8CB5-2A23CC4C29E3}.Debug|x86.Build.0 = Debug|Any CPU
		{86D0A5ED-B800-4244-8CB5-2A23CC4C29E3}.Release|Any CPU.ActiveCfg = Release|Any CPU
		{86D0A5ED-B800-4244-8CB5-2A23CC4C29E3}.Release|Any CPU.Build.0 = Release|Any CPU
		{86D0A5ED-B800-4244-8CB5-2A23CC4C29E3}.Release|x64.ActiveCfg = Release|Any CPU
		{86D0A5ED-B800-4244-8CB5-2A23CC4C29E3}.Release|x64.Build.0 = Release|Any CPU
		{86D0A5ED-B800-4244-8CB5-2A23CC4C29E3}.Release|x86.ActiveCfg = Release|Any CPU
		{86D0A5ED-B800-4244-8CB5-2A23CC4C29E3}.Release|x86.Build.0 = Release|Any CPU
		{B7F73C86-9EA3-4274-BD26-E71682B323B8}.Debug|Any CPU.ActiveCfg = Debug|Any CPU
		{B7F73C86-9EA3-4274-BD26-E71682B323B8}.Debug|Any CPU.Build.0 = Debug|Any CPU
		{B7F73C86-9EA3-4274-BD26-E71682B323B8}.Debug|x64.ActiveCfg = Debug|Any CPU
		{B7F73C86-9EA3-4274-BD26-E71682B323B8}.Debug|x64.Build.0 = Debug|Any CPU
		{B7F73C86-9EA3-4274-BD26-E71682B323B8}.Debug|x86.ActiveCfg = Debug|Any CPU
		{B7F73C86-9EA3-4274-BD26-E71682B323B8}.Debug|x86.Build.0 = Debug|Any CPU
		{B7F73C86-9EA3-4274-BD26-E71682B323B8}.Release|Any CPU.ActiveCfg = Release|Any CPU
		{B7F73C86-9EA3-4274-BD26-E71682B323B8}.Release|Any CPU.Build.0 = Release|Any CPU
		{B7F73C86-9EA3-4274-BD26-E71682B323B8}.Release|x64.ActiveCfg = Release|Any CPU
		{B7F73C86-9EA3-4274-BD26-E71682B323B8}.Release|x64.Build.0 = Release|Any CPU
		{B7F73C86-9EA3-4274-BD26-E71682B323B8}.Release|x86.ActiveCfg = Release|Any CPU
		{B7F73C86-9EA3-4274-BD26-E71682B323B8}.Release|x86.Build.0 = Release|Any CPU
		{C6DC88A8-3906-4E50-85D0-67FA0952F13A}.Debug|Any CPU.ActiveCfg = Debug|Any CPU
		{C6DC88A8-3906-4E50-85D0-67FA0952F13A}.Debug|Any CPU.Build.0 = Debug|Any CPU
		{C6DC88A8-3906-4E50-85D0-67FA0952F13A}.Debug|x64.ActiveCfg = Debug|Any CPU
		{C6DC88A8-3906-4E50-85D0-67FA0952F13A}.Debug|x64.Build.0 = Debug|Any CPU
		{C6DC88A8-3906-4E50-85D0-67FA0952F13A}.Debug|x86.ActiveCfg = Debug|Any CPU
		{C6DC88A8-3906-4E50-85D0-67FA0952F13A}.Debug|x86.Build.0 = Debug|Any CPU
		{C6DC88A8-3906-4E50-85D0-67FA0952F13A}.Release|Any CPU.ActiveCfg = Release|Any CPU
		{C6DC88A8-3906-4E50-85D0-67FA0952F13A}.Release|Any CPU.Build.0 = Release|Any CPU
		{C6DC88A8-3906-4E50-85D0-67FA0952F13A}.Release|x64.ActiveCfg = Release|Any CPU
		{C6DC88A8-3906-4E50-85D0-67FA0952F13A}.Release|x64.Build.0 = Release|Any CPU
		{C6DC88A8-3906-4E50-85D0-67FA0952F13A}.Release|x86.ActiveCfg = Release|Any CPU
		{C6DC88A8-3906-4E50-85D0-67FA0952F13A}.Release|x86.Build.0 = Release|Any CPU
		{55754733-3BBC-4E2C-BC7C-748AC981CC9B}.Debug|Any CPU.ActiveCfg = Debug|Any CPU
		{55754733-3BBC-4E2C-BC7C-748AC981CC9B}.Debug|Any CPU.Build.0 = Debug|Any CPU
		{55754733-3BBC-4E2C-BC7C-748AC981CC9B}.Debug|x64.ActiveCfg = Debug|Any CPU
		{55754733-3BBC-4E2C-BC7C-748AC981CC9B}.Debug|x64.Build.0 = Debug|Any CPU
		{55754733-3BBC-4E2C-BC7C-748AC981CC9B}.Debug|x86.ActiveCfg = Debug|Any CPU
		{55754733-3BBC-4E2C-BC7C-748AC981CC9B}.Debug|x86.Build.0 = Debug|Any CPU
		{55754733-3BBC-4E2C-BC7C-748AC981CC9B}.Release|Any CPU.ActiveCfg = Release|Any CPU
		{55754733-3BBC-4E2C-BC7C-748AC981CC9B}.Release|Any CPU.Build.0 = Release|Any CPU
		{55754733-3BBC-4E2C-BC7C-748AC981CC9B}.Release|x64.ActiveCfg = Release|Any CPU
		{55754733-3BBC-4E2C-BC7C-748AC981CC9B}.Release|x64.Build.0 = Release|Any CPU
		{55754733-3BBC-4E2C-BC7C-748AC981CC9B}.Release|x86.ActiveCfg = Release|Any CPU
		{55754733-3BBC-4E2C-BC7C-748AC981CC9B}.Release|x86.Build.0 = Release|Any CPU
		{18DECE6F-9E39-44E0-9BD7-584331CF1849}.Debug|Any CPU.ActiveCfg = Debug|Any CPU
		{18DECE6F-9E39-44E0-9BD7-584331CF1849}.Debug|Any CPU.Build.0 = Debug|Any CPU
		{18DECE6F-9E39-44E0-9BD7-584331CF1849}.Debug|x64.ActiveCfg = Debug|Any CPU
		{18DECE6F-9E39-44E0-9BD7-584331CF1849}.Debug|x64.Build.0 = Debug|Any CPU
		{18DECE6F-9E39-44E0-9BD7-584331CF1849}.Debug|x86.ActiveCfg = Debug|Any CPU
		{18DECE6F-9E39-44E0-9BD7-584331CF1849}.Debug|x86.Build.0 = Debug|Any CPU
		{18DECE6F-9E39-44E0-9BD7-584331CF1849}.Release|Any CPU.ActiveCfg = Release|Any CPU
		{18DECE6F-9E39-44E0-9BD7-584331CF1849}.Release|Any CPU.Build.0 = Release|Any CPU
		{18DECE6F-9E39-44E0-9BD7-584331CF1849}.Release|x64.ActiveCfg = Release|Any CPU
		{18DECE6F-9E39-44E0-9BD7-584331CF1849}.Release|x64.Build.0 = Release|Any CPU
		{18DECE6F-9E39-44E0-9BD7-584331CF1849}.Release|x86.ActiveCfg = Release|Any CPU
		{18DECE6F-9E39-44E0-9BD7-584331CF1849}.Release|x86.Build.0 = Release|Any CPU
		{CC814BF4-4CC5-4DDA-A090-B26F9324225D}.Debug|Any CPU.ActiveCfg = Debug|Any CPU
		{CC814BF4-4CC5-4DDA-A090-B26F9324225D}.Debug|Any CPU.Build.0 = Debug|Any CPU
		{CC814BF4-4CC5-4DDA-A090-B26F9324225D}.Debug|x64.ActiveCfg = Debug|Any CPU
		{CC814BF4-4CC5-4DDA-A090-B26F9324225D}.Debug|x64.Build.0 = Debug|Any CPU
		{CC814BF4-4CC5-4DDA-A090-B26F9324225D}.Debug|x86.ActiveCfg = Debug|Any CPU
		{CC814BF4-4CC5-4DDA-A090-B26F9324225D}.Debug|x86.Build.0 = Debug|Any CPU
		{CC814BF4-4CC5-4DDA-A090-B26F9324225D}.Release|Any CPU.ActiveCfg = Release|Any CPU
		{CC814BF4-4CC5-4DDA-A090-B26F9324225D}.Release|Any CPU.Build.0 = Release|Any CPU
		{CC814BF4-4CC5-4DDA-A090-B26F9324225D}.Release|x64.ActiveCfg = Release|Any CPU
		{CC814BF4-4CC5-4DDA-A090-B26F9324225D}.Release|x64.Build.0 = Release|Any CPU
		{CC814BF4-4CC5-4DDA-A090-B26F9324225D}.Release|x86.ActiveCfg = Release|Any CPU
		{CC814BF4-4CC5-4DDA-A090-B26F9324225D}.Release|x86.Build.0 = Release|Any CPU
	EndGlobalSection
	GlobalSection(SolutionProperties) = preSolution
		HideSolutionNode = FALSE
	EndGlobalSection
	GlobalSection(NestedProjects) = preSolution
		{48AC4CD2-6467-4CD1-8989-3A296DC89868} = {89031800-C001-447A-A3D7-8EDE594C2A9E}
		{7A811BC4-1F1B-4E78-BBCF-FF50D1638969} = {89031800-C001-447A-A3D7-8EDE594C2A9E}
		{CBD7AB80-0D38-42FD-949F-B3C959C710F1} = {89031800-C001-447A-A3D7-8EDE594C2A9E}
		{B42D6FC1-A683-40D0-BEC2-D60ACEC50CAA} = {89031800-C001-447A-A3D7-8EDE594C2A9E}
		{980BFBF2-CD2D-47FF-9AE7-070BDA6E5FAC} = {89031800-C001-447A-A3D7-8EDE594C2A9E}
		{7CF71A56-227C-4B5F-91ED-E25D54D7BAF1} = {25B6986D-1D73-4DF9-8721-A8DCE888D69E}
		{B6C3FFB4-5AAC-4D47-8848-CCA0091E074D} = {25B6986D-1D73-4DF9-8721-A8DCE888D69E}
		{11950C6D-8275-4ADC-BB34-51D204B01CD5} = {25B6986D-1D73-4DF9-8721-A8DCE888D69E}
		{6F5278F7-0063-45AC-92AE-CAC1BC8D0EA9} = {89031800-C001-447A-A3D7-8EDE594C2A9E}
		{1ECB54DD-02FF-4D7E-9579-88AC21A24FC9} = {89031800-C001-447A-A3D7-8EDE594C2A9E}
		{2FD29EE7-D7CA-4882-BEA1-E301F74EAB88} = {89031800-C001-447A-A3D7-8EDE594C2A9E}
		{86D0A5ED-B800-4244-8CB5-2A23CC4C29E3} = {89031800-C001-447A-A3D7-8EDE594C2A9E}
		{B7F73C86-9EA3-4274-BD26-E71682B323B8} = {25B6986D-1D73-4DF9-8721-A8DCE888D69E}
		{C6DC88A8-3906-4E50-85D0-67FA0952F13A} = {89031800-C001-447A-A3D7-8EDE594C2A9E}
		{55754733-3BBC-4E2C-BC7C-748AC981CC9B} = {89031800-C001-447A-A3D7-8EDE594C2A9E}
		{18DECE6F-9E39-44E0-9BD7-584331CF1849} = {25B6986D-1D73-4DF9-8721-A8DCE888D69E}
		{CC814BF4-4CC5-4DDA-A090-B26F9324225D} = {89031800-C001-447A-A3D7-8EDE594C2A9E}
	EndGlobalSection
	GlobalSection(ExtensibilityGlobals) = postSolution
		SolutionGuid = {FECBDAA0-51EB-4888-9690-F3C3E7F0984B}
	EndGlobalSection
EndGlobal
